
Microsoft Visual Studio Solution File, Format Version 12.00
# Visual Studio Version 17
VisualStudioVersion = 17.11.35118.90
MinimumVisualStudioVersion = 10.0.40219.1
Project("{9A19103F-16F7-4668-BE54-9A1E7A4F7556}") = "TaskCreator", "TaskCreator\TaskCreator.csproj", "{A7C8DEBD-8EEF-4D05-901F-75E047CD98AF}"
EndProject
Global
	GlobalSection(SolutionConfigurationPlatforms) = preSolution
		Debug|Any CPU = Debug|Any CPU
		Release|Any CPU = Release|Any CPU
	EndGlobalSection
	GlobalSection(ProjectConfigurationPlatforms) = postSolution
		{A7C8DEBD-8EEF-4D05-901F-75E047CD98AF}.Debug|Any CPU.ActiveCfg = Debug|Any CPU
		{A7C8DEBD-8EEF-4D05-901F-75E047CD98AF}.Debug|Any CPU.Build.0 = Debug|Any CPU
		{A7C8DEBD-8EEF-4D05-901F-75E047CD98AF}.Release|Any CPU.ActiveCfg = Release|Any CPU
		{A7C8DEBD-8EEF-4D05-901F-75E047CD98AF}.Release|Any CPU.Build.0 = Release|Any CPU
	EndGlobalSection
	GlobalSection(SolutionProperties) = preSolution
		HideSolutionNode = FALSE
	EndGlobalSection
	GlobalSection(ExtensibilityGlobals) = postSolution
		SolutionGuid = {AA8EFABD-9063-4361-BF60-7B3AB979F135}
	EndGlobalSection
EndGlobal
